// !$*UTF8*$!
{
	archiveVersion = 1;
	classes = {
	};
	objectVersion = 55;
	objects = {

/* Begin PBXBuildFile section */
		18383D7428F4518F006C0F3D /* TabBarViewController.swift in Sources */ = {isa = PBXBuildFile; fileRef = 18383D7328F4518F006C0F3D /* TabBarViewController.swift */; };
		18383D7D28F4CF04006C0F3D /* UserDefaultsManager.swift in Sources */ = {isa = PBXBuildFile; fileRef = 18383D7C28F4CF04006C0F3D /* UserDefaultsManager.swift */; };
		18383D8128F593CC006C0F3D /* UIViewController+Alert.swift in Sources */ = {isa = PBXBuildFile; fileRef = 18383D8028F593CC006C0F3D /* UIViewController+Alert.swift */; };
		185502D028F19CEF00790D6D /* SVGKit in Frameworks */ = {isa = PBXBuildFile; productRef = 185502CF28F19CEF00790D6D /* SVGKit */; };
		185502D228F1D2D000790D6D /* SavedCountriesViewController.swift in Sources */ = {isa = PBXBuildFile; fileRef = 185502D128F1D2D000790D6D /* SavedCountriesViewController.swift */; };
		185502D428F1F64100790D6D /* SavedCountriesCollectionViewCell.swift in Sources */ = {isa = PBXBuildFile; fileRef = 185502D328F1F64100790D6D /* SavedCountriesCollectionViewCell.swift */; };
		185502D728F1F9EC00790D6D /* UserDefaultsKey.swift in Sources */ = {isa = PBXBuildFile; fileRef = 185502D628F1F9EC00790D6D /* UserDefaultsKey.swift */; };
		185502D928F1F9FB00790D6D /* GlobalVariables.swift in Sources */ = {isa = PBXBuildFile; fileRef = 185502D828F1F9FB00790D6D /* GlobalVariables.swift */; };
		18D05FE828F065AA00414E8B /* AppDelegate.swift in Sources */ = {isa = PBXBuildFile; fileRef = 18D05FE728F065AA00414E8B /* AppDelegate.swift */; };
		18D05FEA28F065AA00414E8B /* SceneDelegate.swift in Sources */ = {isa = PBXBuildFile; fileRef = 18D05FE928F065AA00414E8B /* SceneDelegate.swift */; };
		18D05FEC28F065AA00414E8B /* HomeViewController.swift in Sources */ = {isa = PBXBuildFile; fileRef = 18D05FEB28F065AA00414E8B /* HomeViewController.swift */; };
		18D05FEF28F065AA00414E8B /* Main.storyboard in Resources */ = {isa = PBXBuildFile; fileRef = 18D05FED28F065AA00414E8B /* Main.storyboard */; };
		18D05FF128F065AB00414E8B /* Assets.xcassets in Resources */ = {isa = PBXBuildFile; fileRef = 18D05FF028F065AB00414E8B /* Assets.xcassets */; };
		18D05FF428F065AB00414E8B /* LaunchScreen.storyboard in Resources */ = {isa = PBXBuildFile; fileRef = 18D05FF228F065AB00414E8B /* LaunchScreen.storyboard */; };
		18FADC8428F0836C006FD0AB /* Endpoint.swift in Sources */ = {isa = PBXBuildFile; fileRef = 18FADC8328F0836C006FD0AB /* Endpoint.swift */; };
		18FADC8628F084F7006FD0AB /* APIService.swift in Sources */ = {isa = PBXBuildFile; fileRef = 18FADC8528F084F7006FD0AB /* APIService.swift */; };
		18FADC8828F085B6006FD0AB /* Networking.swift in Sources */ = {isa = PBXBuildFile; fileRef = 18FADC8728F085B6006FD0AB /* Networking.swift */; };
		18FADC8B28F08A74006FD0AB /* Country.swift in Sources */ = {isa = PBXBuildFile; fileRef = 18FADC8A28F08A74006FD0AB /* Country.swift */; };
		18FADC8E28F09779006FD0AB /* CountryCollectionViewCell.swift in Sources */ = {isa = PBXBuildFile; fileRef = 18FADC8D28F09779006FD0AB /* CountryCollectionViewCell.swift */; };
		18FADC9128F0D3A9006FD0AB /* UICollectionViewCell+Corners.swift in Sources */ = {isa = PBXBuildFile; fileRef = 18FADC9028F0D3A9006FD0AB /* UICollectionViewCell+Corners.swift */; };
		18FADC9328F0D955006FD0AB /* DetailCardViewController.swift in Sources */ = {isa = PBXBuildFile; fileRef = 18FADC9228F0D955006FD0AB /* DetailCardViewController.swift */; };
		18FADC9528F0E1DB006FD0AB /* CountryDetail.swift in Sources */ = {isa = PBXBuildFile; fileRef = 18FADC9428F0E1DB006FD0AB /* CountryDetail.swift */; };
		18FADC9728F182FA006FD0AB /* UIImageView+URL.swift in Sources */ = {isa = PBXBuildFile; fileRef = 18FADC9628F182F9006FD0AB /* UIImageView+URL.swift */; };
		18FADC9D28F185A8006FD0AB /* Kingfisher in Frameworks */ = {isa = PBXBuildFile; productRef = 18FADC9C28F185A8006FD0AB /* Kingfisher */; };
/* End PBXBuildFile section */

/* Begin PBXFileReference section */
		18383D7328F4518F006C0F3D /* TabBarViewController.swift */ = {isa = PBXFileReference; lastKnownFileType = sourcecode.swift; path = TabBarViewController.swift; sourceTree = "<group>"; };
		18383D7C28F4CF04006C0F3D /* UserDefaultsManager.swift */ = {isa = PBXFileReference; lastKnownFileType = sourcecode.swift; path = UserDefaultsManager.swift; sourceTree = "<group>"; };
		18383D8028F593CC006C0F3D /* UIViewController+Alert.swift */ = {isa = PBXFileReference; lastKnownFileType = sourcecode.swift; path = "UIViewController+Alert.swift"; sourceTree = "<group>"; };
		185502D128F1D2D000790D6D /* SavedCountriesViewController.swift */ = {isa = PBXFileReference; lastKnownFileType = sourcecode.swift; path = SavedCountriesViewController.swift; sourceTree = "<group>"; };
		185502D328F1F64100790D6D /* SavedCountriesCollectionViewCell.swift */ = {isa = PBXFileReference; lastKnownFileType = sourcecode.swift; path = SavedCountriesCollectionViewCell.swift; sourceTree = "<group>"; };
		185502D628F1F9EC00790D6D /* UserDefaultsKey.swift */ = {isa = PBXFileReference; lastKnownFileType = sourcecode.swift; path = UserDefaultsKey.swift; sourceTree = "<group>"; };
		185502D828F1F9FB00790D6D /* GlobalVariables.swift */ = {isa = PBXFileReference; lastKnownFileType = sourcecode.swift; path = GlobalVariables.swift; sourceTree = "<group>"; };
		18D05FE428F065AA00414E8B /* Countries.app */ = {isa = PBXFileReference; explicitFileType = wrapper.application; includeInIndex = 0; path = Countries.app; sourceTree = BUILT_PRODUCTS_DIR; };
		18D05FE728F065AA00414E8B /* AppDelegate.swift */ = {isa = PBXFileReference; lastKnownFileType = sourcecode.swift; path = AppDelegate.swift; sourceTree = "<group>"; };
		18D05FE928F065AA00414E8B /* SceneDelegate.swift */ = {isa = PBXFileReference; lastKnownFileType = sourcecode.swift; path = SceneDelegate.swift; sourceTree = "<group>"; };
		18D05FEB28F065AA00414E8B /* HomeViewController.swift */ = {isa = PBXFileReference; lastKnownFileType = sourcecode.swift; path = HomeViewController.swift; sourceTree = "<group>"; };
		18D05FEE28F065AA00414E8B /* Base */ = {isa = PBXFileReference; lastKnownFileType = file.storyboard; name = Base; path = Base.lproj/Main.storyboard; sourceTree = "<group>"; };
		18D05FF028F065AB00414E8B /* Assets.xcassets */ = {isa = PBXFileReference; lastKnownFileType = folder.assetcatalog; path = Assets.xcassets; sourceTree = "<group>"; };
		18D05FF328F065AB00414E8B /* Base */ = {isa = PBXFileReference; lastKnownFileType = file.storyboard; name = Base; path = Base.lproj/LaunchScreen.storyboard; sourceTree = "<group>"; };
		18D05FF528F065AB00414E8B /* Info.plist */ = {isa = PBXFileReference; lastKnownFileType = text.plist.xml; path = Info.plist; sourceTree = "<group>"; };
		18FADC8328F0836C006FD0AB /* Endpoint.swift */ = {isa = PBXFileReference; lastKnownFileType = sourcecode.swift; path = Endpoint.swift; sourceTree = "<group>"; };
		18FADC8528F084F7006FD0AB /* APIService.swift */ = {isa = PBXFileReference; lastKnownFileType = sourcecode.swift; path = APIService.swift; sourceTree = "<group>"; };
		18FADC8728F085B6006FD0AB /* Networking.swift */ = {isa = PBXFileReference; lastKnownFileType = sourcecode.swift; path = Networking.swift; sourceTree = "<group>"; };
		18FADC8A28F08A74006FD0AB /* Country.swift */ = {isa = PBXFileReference; lastKnownFileType = sourcecode.swift; path = Country.swift; sourceTree = "<group>"; };
		18FADC8D28F09779006FD0AB /* CountryCollectionViewCell.swift */ = {isa = PBXFileReference; lastKnownFileType = sourcecode.swift; path = CountryCollectionViewCell.swift; sourceTree = "<group>"; };
		18FADC9028F0D3A9006FD0AB /* UICollectionViewCell+Corners.swift */ = {isa = PBXFileReference; lastKnownFileType = sourcecode.swift; path = "UICollectionViewCell+Corners.swift"; sourceTree = "<group>"; };
		18FADC9228F0D955006FD0AB /* DetailCardViewController.swift */ = {isa = PBXFileReference; lastKnownFileType = sourcecode.swift; path = DetailCardViewController.swift; sourceTree = "<group>"; };
		18FADC9428F0E1DB006FD0AB /* CountryDetail.swift */ = {isa = PBXFileReference; lastKnownFileType = sourcecode.swift; path = CountryDetail.swift; sourceTree = "<group>"; };
		18FADC9628F182F9006FD0AB /* UIImageView+URL.swift */ = {isa = PBXFileReference; lastKnownFileType = sourcecode.swift; path = "UIImageView+URL.swift"; sourceTree = "<group>"; };
/* End PBXFileReference section */

/* Begin PBXFrameworksBuildPhase section */
		18D05FE128F065AA00414E8B /* Frameworks */ = {
			isa = PBXFrameworksBuildPhase;
			buildActionMask = 2147483647;
			files = (
				185502D028F19CEF00790D6D /* SVGKit in Frameworks */,
				18FADC9D28F185A8006FD0AB /* Kingfisher in Frameworks */,
			);
			runOnlyForDeploymentPostprocessing = 0;
		};
/* End PBXFrameworksBuildPhase section */

/* Begin PBXGroup section */
		18383D7B28F4CEF1006C0F3D /* Helpers */ = {
			isa = PBXGroup;
			children = (
				18383D7C28F4CF04006C0F3D /* UserDefaultsManager.swift */,
				185502D628F1F9EC00790D6D /* UserDefaultsKey.swift */,
				185502D828F1F9FB00790D6D /* GlobalVariables.swift */,
			);
			path = Helpers;
			sourceTree = "<group>";
		};
		18D05FDB28F065AA00414E8B = {
			isa = PBXGroup;
			children = (
				18D05FE628F065AA00414E8B /* Countries */,
				18D05FE528F065AA00414E8B /* Products */,
			);
			sourceTree = "<group>";
		};
		18D05FE528F065AA00414E8B /* Products */ = {
			isa = PBXGroup;
			children = (
				18D05FE428F065AA00414E8B /* Countries.app */,
			);
			name = Products;
			sourceTree = "<group>";
		};
		18D05FE628F065AA00414E8B /* Countries */ = {
			isa = PBXGroup;
			children = (
				18383D7B28F4CEF1006C0F3D /* Helpers */,
				18FADC8F28F0D304006FD0AB /* Extensions */,
				18FADC8928F085E0006FD0AB /* Delegate */,
				18FADC7F28F070B8006FD0AB /* Model */,
				18FADC8028F070CC006FD0AB /* View */,
				18FADC8128F070D4006FD0AB /* Controller */,
				18FADC8228F08340006FD0AB /* Network */,
				18D05FF528F065AB00414E8B /* Info.plist */,
				18D05FF028F065AB00414E8B /* Assets.xcassets */,
			);
			path = Countries;
			sourceTree = "<group>";
		};
		18FADC7F28F070B8006FD0AB /* Model */ = {
			isa = PBXGroup;
			children = (
				18FADC8A28F08A74006FD0AB /* Country.swift */,
				18FADC9428F0E1DB006FD0AB /* CountryDetail.swift */,
			);
			path = Model;
			sourceTree = "<group>";
		};
		18FADC8028F070CC006FD0AB /* View */ = {
			isa = PBXGroup;
			children = (
				18FADC8C28F0973E006FD0AB /* Cells */,
				18D05FED28F065AA00414E8B /* Main.storyboard */,
				18D05FF228F065AB00414E8B /* LaunchScreen.storyboard */,
			);
			path = View;
			sourceTree = "<group>";
		};
		18FADC8128F070D4006FD0AB /* Controller */ = {
			isa = PBXGroup;
			children = (
				18383D7328F4518F006C0F3D /* TabBarViewController.swift */,
				18D05FEB28F065AA00414E8B /* HomeViewController.swift */,
				18FADC9228F0D955006FD0AB /* DetailCardViewController.swift */,
				185502D128F1D2D000790D6D /* SavedCountriesViewController.swift */,
			);
			path = Controller;
			sourceTree = "<group>";
		};
		18FADC8228F08340006FD0AB /* Network */ = {
			isa = PBXGroup;
			children = (
				18FADC8328F0836C006FD0AB /* Endpoint.swift */,
				18FADC8528F084F7006FD0AB /* APIService.swift */,
				18FADC8728F085B6006FD0AB /* Networking.swift */,
			);
			path = Network;
			sourceTree = "<group>";
		};
		18FADC8928F085E0006FD0AB /* Delegate */ = {
			isa = PBXGroup;
			children = (
				18D05FE928F065AA00414E8B /* SceneDelegate.swift */,
				18D05FE728F065AA00414E8B /* AppDelegate.swift */,
			);
			path = Delegate;
			sourceTree = "<group>";
		};
		18FADC8C28F0973E006FD0AB /* Cells */ = {
			isa = PBXGroup;
			children = (
				18FADC8D28F09779006FD0AB /* CountryCollectionViewCell.swift */,
				185502D328F1F64100790D6D /* SavedCountriesCollectionViewCell.swift */,
			);
			path = Cells;
			sourceTree = "<group>";
		};
		18FADC8F28F0D304006FD0AB /* Extensions */ = {
			isa = PBXGroup;
			children = (
				18FADC9028F0D3A9006FD0AB /* UICollectionViewCell+Corners.swift */,
				18FADC9628F182F9006FD0AB /* UIImageView+URL.swift */,
				18383D8028F593CC006C0F3D /* UIViewController+Alert.swift */,
			);
			path = Extensions;
			sourceTree = "<group>";
		};
/* End PBXGroup section */

/* Begin PBXNativeTarget section */
		18D05FE328F065AA00414E8B /* Countries */ = {
			isa = PBXNativeTarget;
			buildConfigurationList = 18D05FF828F065AB00414E8B /* Build configuration list for PBXNativeTarget "Countries" */;
			buildPhases = (
				18D05FE028F065AA00414E8B /* Sources */,
				18D05FE128F065AA00414E8B /* Frameworks */,
				18D05FE228F065AA00414E8B /* Resources */,
			);
			buildRules = (
			);
			dependencies = (
			);
			name = Countries;
			packageProductDependencies = (
				18FADC9C28F185A8006FD0AB /* Kingfisher */,
				185502CF28F19CEF00790D6D /* SVGKit */,
			);
			productName = Countries;
			productReference = 18D05FE428F065AA00414E8B /* Countries.app */;
			productType = "com.apple.product-type.application";
		};
/* End PBXNativeTarget section */

/* Begin PBXProject section */
		18D05FDC28F065AA00414E8B /* Project object */ = {
			isa = PBXProject;
			attributes = {
				BuildIndependentTargetsInParallel = 1;
				LastSwiftUpdateCheck = 1340;
				LastUpgradeCheck = 1340;
				TargetAttributes = {
					18D05FE328F065AA00414E8B = {
						CreatedOnToolsVersion = 13.4.1;
					};
				};
			};
			buildConfigurationList = 18D05FDF28F065AA00414E8B /* Build configuration list for PBXProject "Countries" */;
			compatibilityVersion = "Xcode 13.0";
			developmentRegion = en;
			hasScannedForEncodings = 0;
			knownRegions = (
				en,
				Base,
			);
			mainGroup = 18D05FDB28F065AA00414E8B;
			packageReferences = (
				18FADC9B28F185A8006FD0AB /* XCRemoteSwiftPackageReference "Kingfisher" */,
				185502CE28F19CEF00790D6D /* XCRemoteSwiftPackageReference "SVGKit" */,
			);
			productRefGroup = 18D05FE528F065AA00414E8B /* Products */;
			projectDirPath = "";
			projectRoot = "";
			targets = (
				18D05FE328F065AA00414E8B /* Countries */,
			);
		};
/* End PBXProject section */

/* Begin PBXResourcesBuildPhase section */
		18D05FE228F065AA00414E8B /* Resources */ = {
			isa = PBXResourcesBuildPhase;
			buildActionMask = 2147483647;
			files = (
				18D05FF428F065AB00414E8B /* LaunchScreen.storyboard in Resources */,
				18D05FF128F065AB00414E8B /* Assets.xcassets in Resources */,
				18D05FEF28F065AA00414E8B /* Main.storyboard in Resources */,
			);
			runOnlyForDeploymentPostprocessing = 0;
		};
/* End PBXResourcesBuildPhase section */

/* Begin PBXSourcesBuildPhase section */
		18D05FE028F065AA00414E8B /* Sources */ = {
			isa = PBXSourcesBuildPhase;
			buildActionMask = 2147483647;
			files = (
				18FADC9528F0E1DB006FD0AB /* CountryDetail.swift in Sources */,
				18FADC8B28F08A74006FD0AB /* Country.swift in Sources */,
				18FADC9728F182FA006FD0AB /* UIImageView+URL.swift in Sources */,
				18D05FEC28F065AA00414E8B /* HomeViewController.swift in Sources */,
				18FADC8628F084F7006FD0AB /* APIService.swift in Sources */,
				185502D428F1F64100790D6D /* SavedCountriesCollectionViewCell.swift in Sources */,
				18D05FE828F065AA00414E8B /* AppDelegate.swift in Sources */,
				18FADC8828F085B6006FD0AB /* Networking.swift in Sources */,
				18FADC8E28F09779006FD0AB /* CountryCollectionViewCell.swift in Sources */,
				18383D7428F4518F006C0F3D /* TabBarViewController.swift in Sources */,
				185502D728F1F9EC00790D6D /* UserDefaultsKey.swift in Sources */,
				185502D928F1F9FB00790D6D /* GlobalVariables.swift in Sources */,
				18FADC8428F0836C006FD0AB /* Endpoint.swift in Sources */,
				185502D228F1D2D000790D6D /* SavedCountriesViewController.swift in Sources */,
				18383D7D28F4CF04006C0F3D /* UserDefaultsManager.swift in Sources */,
				18D05FEA28F065AA00414E8B /* SceneDelegate.swift in Sources */,
				18383D8128F593CC006C0F3D /* UIViewController+Alert.swift in Sources */,
				18FADC9128F0D3A9006FD0AB /* UICollectionViewCell+Corners.swift in Sources */,
				18FADC9328F0D955006FD0AB /* DetailCardViewController.swift in Sources */,
			);
			runOnlyForDeploymentPostprocessing = 0;
		};
/* End PBXSourcesBuildPhase section */

/* Begin PBXVariantGroup section */
		18D05FED28F065AA00414E8B /* Main.storyboard */ = {
			isa = PBXVariantGroup;
			children = (
				18D05FEE28F065AA00414E8B /* Base */,
			);
			name = Main.storyboard;
			sourceTree = "<group>";
		};
		18D05FF228F065AB00414E8B /* LaunchScreen.storyboard */ = {
			isa = PBXVariantGroup;
			children = (
				18D05FF328F065AB00414E8B /* Base */,
			);
			name = LaunchScreen.storyboard;
			sourceTree = "<group>";
		};
/* End PBXVariantGroup section */

/* Begin XCBuildConfiguration section */
		18D05FF628F065AB00414E8B /* Debug */ = {
			isa = XCBuildConfiguration;
			buildSettings = {
				ALWAYS_SEARCH_USER_PATHS = NO;
				CLANG_ANALYZER_NONNULL = YES;
				CLANG_ANALYZER_NUMBER_OBJECT_CONVERSION = YES_AGGRESSIVE;
				CLANG_CXX_LANGUAGE_STANDARD = "gnu++17";
				CLANG_ENABLE_MODULES = YES;
				CLANG_ENABLE_OBJC_ARC = YES;
				CLANG_ENABLE_OBJC_WEAK = YES;
				CLANG_WARN_BLOCK_CAPTURE_AUTORELEASING = YES;
				CLANG_WARN_BOOL_CONVERSION = YES;
				CLANG_WARN_COMMA = YES;
				CLANG_WARN_CONSTANT_CONVERSION = YES;
				CLANG_WARN_DEPRECATED_OBJC_IMPLEMENTATIONS = YES;
				CLANG_WARN_DIRECT_OBJC_ISA_USAGE = YES_ERROR;
				CLANG_WARN_DOCUMENTATION_COMMENTS = YES;
				CLANG_WARN_EMPTY_BODY = YES;
				CLANG_WARN_ENUM_CONVERSION = YES;
				CLANG_WARN_INFINITE_RECURSION = YES;
				CLANG_WARN_INT_CONVERSION = YES;
				CLANG_WARN_NON_LITERAL_NULL_CONVERSION = YES;
				CLANG_WARN_OBJC_IMPLICIT_RETAIN_SELF = YES;
				CLANG_WARN_OBJC_LITERAL_CONVERSION = YES;
				CLANG_WARN_OBJC_ROOT_CLASS = YES_ERROR;
				CLANG_WARN_QUOTED_INCLUDE_IN_FRAMEWORK_HEADER = YES;
				CLANG_WARN_RANGE_LOOP_ANALYSIS = YES;
				CLANG_WARN_STRICT_PROTOTYPES = YES;
				CLANG_WARN_SUSPICIOUS_MOVE = YES;
				CLANG_WARN_UNGUARDED_AVAILABILITY = YES_AGGRESSIVE;
				CLANG_WARN_UNREACHABLE_CODE = YES;
				CLANG_WARN__DUPLICATE_METHOD_MATCH = YES;
				COPY_PHASE_STRIP = NO;
				DEBUG_INFORMATION_FORMAT = dwarf;
				ENABLE_STRICT_OBJC_MSGSEND = YES;
				ENABLE_TESTABILITY = YES;
				GCC_C_LANGUAGE_STANDARD = gnu11;
				GCC_DYNAMIC_NO_PIC = NO;
				GCC_NO_COMMON_BLOCKS = YES;
				GCC_OPTIMIZATION_LEVEL = 0;
				GCC_PREPROCESSOR_DEFINITIONS = (
					"DEBUG=1",
					"$(inherited)",
				);
				GCC_WARN_64_TO_32_BIT_CONVERSION = YES;
				GCC_WARN_ABOUT_RETURN_TYPE = YES_ERROR;
				GCC_WARN_UNDECLARED_SELECTOR = YES;
				GCC_WARN_UNINITIALIZED_AUTOS = YES_AGGRESSIVE;
				GCC_WARN_UNUSED_FUNCTION = YES;
				GCC_WARN_UNUSED_VARIABLE = YES;
				IPHONEOS_DEPLOYMENT_TARGET = 15.5;
				MTL_ENABLE_DEBUG_INFO = INCLUDE_SOURCE;
				MTL_FAST_MATH = YES;
				ONLY_ACTIVE_ARCH = YES;
				SDKROOT = iphoneos;
				SWIFT_ACTIVE_COMPILATION_CONDITIONS = DEBUG;
				SWIFT_OPTIMIZATION_LEVEL = "-Onone";
			};
			name = Debug;
		};
		18D05FF728F065AB00414E8B /* Release */ = {
			isa = XCBuildConfiguration;
			buildSettings = {
				ALWAYS_SEARCH_USER_PATHS = NO;
				CLANG_ANALYZER_NONNULL = YES;
				CLANG_ANALYZER_NUMBER_OBJECT_CONVERSION = YES_AGGRESSIVE;
				CLANG_CXX_LANGUAGE_STANDARD = "gnu++17";
				CLANG_ENABLE_MODULES = YES;
				CLANG_ENABLE_OBJC_ARC = YES;
				CLANG_ENABLE_OBJC_WEAK = YES;
				CLANG_WARN_BLOCK_CAPTURE_AUTORELEASING = YES;
				CLANG_WARN_BOOL_CONVERSION = YES;
				CLANG_WARN_COMMA = YES;
				CLANG_WARN_CONSTANT_CONVERSION = YES;
				CLANG_WARN_DEPRECATED_OBJC_IMPLEMENTATIONS = YES;
				CLANG_WARN_DIRECT_OBJC_ISA_USAGE = YES_ERROR;
				CLANG_WARN_DOCUMENTATION_COMMENTS = YES;
				CLANG_WARN_EMPTY_BODY = YES;
				CLANG_WARN_ENUM_CONVERSION = YES;
				CLANG_WARN_INFINITE_RECURSION = YES;
				CLANG_WARN_INT_CONVERSION = YES;
				CLANG_WARN_NON_LITERAL_NULL_CONVERSION = YES;
				CLANG_WARN_OBJC_IMPLICIT_RETAIN_SELF = YES;
				CLANG_WARN_OBJC_LITERAL_CONVERSION = YES;
				CLANG_WARN_OBJC_ROOT_CLASS = YES_ERROR;
				CLANG_WARN_QUOTED_INCLUDE_IN_FRAMEWORK_HEADER = YES;
				CLANG_WARN_RANGE_LOOP_ANALYSIS = YES;
				CLANG_WARN_STRICT_PROTOTYPES = YES;
				CLANG_WARN_SUSPICIOUS_MOVE = YES;
				CLANG_WARN_UNGUARDED_AVAILABILITY = YES_AGGRESSIVE;
				CLANG_WARN_UNREACHABLE_CODE = YES;
				CLANG_WARN__DUPLICATE_METHOD_MATCH = YES;
				COPY_PHASE_STRIP = NO;
				DEBUG_INFORMATION_FORMAT = "dwarf-with-dsym";
				ENABLE_NS_ASSERTIONS = NO;
				ENABLE_STRICT_OBJC_MSGSEND = YES;
				GCC_C_LANGUAGE_STANDARD = gnu11;
				GCC_NO_COMMON_BLOCKS = YES;
				GCC_WARN_64_TO_32_BIT_CONVERSION = YES;
				GCC_WARN_ABOUT_RETURN_TYPE = YES_ERROR;
				GCC_WARN_UNDECLARED_SELECTOR = YES;
				GCC_WARN_UNINITIALIZED_AUTOS = YES_AGGRESSIVE;
				GCC_WARN_UNUSED_FUNCTION = YES;
				GCC_WARN_UNUSED_VARIABLE = YES;
				IPHONEOS_DEPLOYMENT_TARGET = 15.5;
				MTL_ENABLE_DEBUG_INFO = NO;
				MTL_FAST_MATH = YES;
				SDKROOT = iphoneos;
				SWIFT_COMPILATION_MODE = wholemodule;
				SWIFT_OPTIMIZATION_LEVEL = "-O";
				VALIDATE_PRODUCT = YES;
			};
			name = Release;
		};
		18D05FF928F065AB00414E8B /* Debug */ = {
			isa = XCBuildConfiguration;
			buildSettings = {
				ASSETCATALOG_COMPILER_APPICON_NAME = AppIcon;
				ASSETCATALOG_COMPILER_GLOBAL_ACCENT_COLOR_NAME = AccentColor;
				CODE_SIGN_STYLE = Automatic;
				CURRENT_PROJECT_VERSION = 1;
				DEVELOPMENT_TEAM = K62576AYUC;
				GENERATE_INFOPLIST_FILE = YES;
				INFOPLIST_FILE = Countries/Info.plist;
				INFOPLIST_KEY_UIApplicationSupportsIndirectInputEvents = YES;
				INFOPLIST_KEY_UILaunchStoryboardName = LaunchScreen;
				INFOPLIST_KEY_UIMainStoryboardFile = Main;
				INFOPLIST_KEY_UISupportedInterfaceOrientations = UIInterfaceOrientationPortrait;
				INFOPLIST_KEY_UISupportedInterfaceOrientations_iPad = "UIInterfaceOrientationPortrait UIInterfaceOrientationPortraitUpsideDown UIInterfaceOrientationLandscapeLeft UIInterfaceOrientationLandscapeRight";
				INFOPLIST_KEY_UISupportedInterfaceOrientations_iPhone = "UIInterfaceOrientationPortrait UIInterfaceOrientationLandscapeLeft UIInterfaceOrientationLandscapeRight";
				IPHONEOS_DEPLOYMENT_TARGET = 15.4;
				LD_RUNPATH_SEARCH_PATHS = (
					"$(inherited)",
					"@executable_path/Frameworks",
				);
				MARKETING_VERSION = 1.0;
				PRODUCT_BUNDLE_IDENTIFIER = com.bengisutunca.Countries;
				PRODUCT_NAME = "$(TARGET_NAME)";
				SWIFT_EMIT_LOC_STRINGS = YES;
				SWIFT_VERSION = 5.0;
				TARGETED_DEVICE_FAMILY = 1;
			};
			name = Debug;
		};
		18D05FFA28F065AB00414E8B /* Release */ = {
			isa = XCBuildConfiguration;
			buildSettings = {
				ASSETCATALOG_COMPILER_APPICON_NAME = AppIcon;
				ASSETCATALOG_COMPILER_GLOBAL_ACCENT_COLOR_NAME = AccentColor;
				CODE_SIGN_STYLE = Automatic;
				CURRENT_PROJECT_VERSION = 1;
				DEVELOPMENT_TEAM = K62576AYUC;
				GENERATE_INFOPLIST_FILE = YES;
				INFOPLIST_FILE = Countries/Info.plist;
				INFOPLIST_KEY_UIApplicationSupportsIndirectInputEvents = YES;
				INFOPLIST_KEY_UILaunchStoryboardName = LaunchScreen;
				INFOPLIST_KEY_UIMainStoryboardFile = Main;
				INFOPLIST_KEY_UISupportedInterfaceOrientations = UIInterfaceOrientationPortrait;
				INFOPLIST_KEY_UISupportedInterfaceOrientations_iPad = "UIInterfaceOrientationPortrait UIInterfaceOrientationPortraitUpsideDown UIInterfaceOrientationLandscapeLeft UIInterfaceOrientationLandscapeRight";
				INFOPLIST_KEY_UISupportedInterfaceOrientations_iPhone = "UIInterfaceOrientationPortrait UIInterfaceOrientationLandscapeLeft UIInterfaceOrientationLandscapeRight";
				IPHONEOS_DEPLOYMENT_TARGET = 15.4;
				LD_RUNPATH_SEARCH_PATHS = (
					"$(inherited)",
					"@executable_path/Frameworks",
				);
				MARKETING_VERSION = 1.0;
				PRODUCT_BUNDLE_IDENTIFIER = com.bengisutunca.Countries;
				PRODUCT_NAME = "$(TARGET_NAME)";
				SWIFT_EMIT_LOC_STRINGS = YES;
				SWIFT_VERSION = 5.0;
				TARGETED_DEVICE_FAMILY = 1;
			};
			name = Release;
		};
/* End XCBuildConfiguration section */

/* Begin XCConfigurationList section */
		18D05FDF28F065AA00414E8B /* Build configuration list for PBXProject "Countries" */ = {
			isa = XCConfigurationList;
			buildConfigurations = (
				18D05FF628F065AB00414E8B /* Debug */,
				18D05FF728F065AB00414E8B /* Release */,
			);
			defaultConfigurationIsVisible = 0;
			defaultConfigurationName = Release;
		};
		18D05FF828F065AB00414E8B /* Build configuration list for PBXNativeTarget "Countries" */ = {
			isa = XCConfigurationList;
			buildConfigurations = (
				18D05FF928F065AB00414E8B /* Debug */,
				18D05FFA28F065AB00414E8B /* Release */,
			);
			defaultConfigurationIsVisible = 0;
			defaultConfigurationName = Release;
		};
/* End XCConfigurationList section */

/* Begin XCRemoteSwiftPackageReference section */
		185502CE28F19CEF00790D6D /* XCRemoteSwiftPackageReference "SVGKit" */ = {
			isa = XCRemoteSwiftPackageReference;
			repositoryURL = "https://github.com/SVGKit/SVGKit";
			requirement = {
				kind = exactVersion;
				version = 3.0.0;
			};
		};
		18FADC9B28F185A8006FD0AB /* XCRemoteSwiftPackageReference "Kingfisher" */ = {
			isa = XCRemoteSwiftPackageReference;
			repositoryURL = "https://github.com/onevcat/Kingfisher.git";
			requirement = {
				kind = upToNextMinorVersion;
				minimumVersion = 7.4.0;
			};
		};
/* End XCRemoteSwiftPackageReference section */

/* Begin XCSwiftPackageProductDependency section */
		185502CF28F19CEF00790D6D /* SVGKit */ = {
			isa = XCSwiftPackageProductDependency;
			package = 185502CE28F19CEF00790D6D /* XCRemoteSwiftPackageReference "SVGKit" */;
			productName = SVGKit;
		};
		18FADC9C28F185A8006FD0AB /* Kingfisher */ = {
			isa = XCSwiftPackageProductDependency;
			package = 18FADC9B28F185A8006FD0AB /* XCRemoteSwiftPackageReference "Kingfisher" */;
			productName = Kingfisher;
		};
/* End XCSwiftPackageProductDependency section */
	};
	rootObject = 18D05FDC28F065AA00414E8B /* Project object */;
}
